
Microsoft Visual Studio Solution File, Format Version 11.00
# Visual Studio 2010
Project("{FAE04EC0-301F-11D3-BF4B-00C04F79EFBC}") = "ISUv13", "Assembly-CSharp-firstpass.csproj", "{7B5F760F-A801-AD34-DB0B-6142E85FCDE4}"
EndProject
Project("{FAE04EC0-301F-11D3-BF4B-00C04F79EFBC}") = "ISUv13", "Assembly-CSharp.csproj", "{35FF1816-D206-18FC-2A4A-549C76CEF632}"
EndProject
Project("{FAE04EC0-301F-11D3-BF4B-00C04F79EFBC}") = "ISUv13", "Assembly-CSharp-Editor-firstpass.csproj", "{E61BB2A2-E8A3-FEBC-CC0B-1831262AD5B6}"
EndProject
Project("{FAE04EC0-301F-11D3-BF4B-00C04F79EFBC}") = "ISUv13", "Assembly-CSharp-Editor.csproj", "{89950037-FCF9-AF51-72FB-17A3AFEA72F9}"
EndProject
Global
	GlobalSection(SolutionConfigurationPlatforms) = preSolution
		Debug|Any CPU = Debug|Any CPU
		Release|Any CPU = Release|Any CPU
	EndGlobalSection
	GlobalSection(ProjectConfigurationPlatforms) = postSolution
		{7B5F760F-A801-AD34-DB0B-6142E85FCDE4}.Debug|Any CPU.ActiveCfg = Debug|Any CPU
		{7B5F760F-A801-AD34-DB0B-6142E85FCDE4}.Debug|Any CPU.Build.0 = Debug|Any CPU
		{7B5F760F-A801-AD34-DB0B-6142E85FCDE4}.Release|Any CPU.ActiveCfg = Release|Any CPU
		{7B5F760F-A801-AD34-DB0B-6142E85FCDE4}.Release|Any CPU.Build.0 = Release|Any CPU
		{35FF1816-D206-18FC-2A4A-549C76CEF632}.Debug|Any CPU.ActiveCfg = Debug|Any CPU
		{35FF1816-D206-18FC-2A4A-549C76CEF632}.Debug|Any CPU.Build.0 = Debug|Any CPU
		{35FF1816-D206-18FC-2A4A-549C76CEF632}.Release|Any CPU.ActiveCfg = Release|Any CPU
		{35FF1816-D206-18FC-2A4A-549C76CEF632}.Release|Any CPU.Build.0 = Release|Any CPU
		{E61BB2A2-E8A3-FEBC-CC0B-1831262AD5B6}.Debug|Any CPU.ActiveCfg = Debug|Any CPU
		{E61BB2A2-E8A3-FEBC-CC0B-1831262AD5B6}.Debug|Any CPU.Build.0 = Debug|Any CPU
		{E61BB2A2-E8A3-FEBC-CC0B-1831262AD5B6}.Release|Any CPU.ActiveCfg = Release|Any CPU
		{E61BB2A2-E8A3-FEBC-CC0B-1831262AD5B6}.Release|Any CPU.Build.0 = Release|Any CPU
		{89950037-FCF9-AF51-72FB-17A3AFEA72F9}.Debug|Any CPU.ActiveCfg = Debug|Any CPU
		{89950037-FCF9-AF51-72FB-17A3AFEA72F9}.Debug|Any CPU.Build.0 = Debug|Any CPU
		{89950037-FCF9-AF51-72FB-17A3AFEA72F9}.Release|Any CPU.ActiveCfg = Release|Any CPU
		{89950037-FCF9-AF51-72FB-17A3AFEA72F9}.Release|Any CPU.Build.0 = Release|Any CPU
	EndGlobalSection
	GlobalSection(SolutionProperties) = preSolution
		HideSolutionNode = FALSE
	EndGlobalSection
	GlobalSection(MonoDevelopProperties) = preSolution
		StartupItem = Assembly-CSharp.csproj
	EndGlobalSection
EndGlobal
