
Microsoft Visual Studio Solution File, Format Version 11.00
# Visual Studio 2010
Project("{FAE04EC0-301F-11D3-BF4B-00C04F79EFBC}") = "ISUv6", "Assembly-CSharp-firstpass.csproj", "{10A6938D-5041-AC39-ABDE-FE8B14A2A027}"
EndProject
Project("{FAE04EC0-301F-11D3-BF4B-00C04F79EFBC}") = "ISUv6", "Assembly-CSharp.csproj", "{4D480415-8F5A-8958-D38D-30CEE9208AE2}"
EndProject
Project("{FAE04EC0-301F-11D3-BF4B-00C04F79EFBC}") = "ISUv6", "Assembly-CSharp-Editor-firstpass.csproj", "{72090341-B204-4E76-7B16-9ABBC7947762}"
EndProject
Project("{FAE04EC0-301F-11D3-BF4B-00C04F79EFBC}") = "ISUv6", "Assembly-CSharp-Editor.csproj", "{DF7361B7-90C1-85C1-BAC9-633BCEE22087}"
EndProject
Global
	GlobalSection(SolutionConfigurationPlatforms) = preSolution
		Debug|Any CPU = Debug|Any CPU
		Release|Any CPU = Release|Any CPU
	EndGlobalSection
	GlobalSection(ProjectConfigurationPlatforms) = postSolution
		{10A6938D-5041-AC39-ABDE-FE8B14A2A027}.Debug|Any CPU.ActiveCfg = Debug|Any CPU
		{10A6938D-5041-AC39-ABDE-FE8B14A2A027}.Debug|Any CPU.Build.0 = Debug|Any CPU
		{10A6938D-5041-AC39-ABDE-FE8B14A2A027}.Release|Any CPU.ActiveCfg = Release|Any CPU
		{10A6938D-5041-AC39-ABDE-FE8B14A2A027}.Release|Any CPU.Build.0 = Release|Any CPU
		{4D480415-8F5A-8958-D38D-30CEE9208AE2}.Debug|Any CPU.ActiveCfg = Debug|Any CPU
		{4D480415-8F5A-8958-D38D-30CEE9208AE2}.Debug|Any CPU.Build.0 = Debug|Any CPU
		{4D480415-8F5A-8958-D38D-30CEE9208AE2}.Release|Any CPU.ActiveCfg = Release|Any CPU
		{4D480415-8F5A-8958-D38D-30CEE9208AE2}.Release|Any CPU.Build.0 = Release|Any CPU
		{72090341-B204-4E76-7B16-9ABBC7947762}.Debug|Any CPU.ActiveCfg = Debug|Any CPU
		{72090341-B204-4E76-7B16-9ABBC7947762}.Debug|Any CPU.Build.0 = Debug|Any CPU
		{72090341-B204-4E76-7B16-9ABBC7947762}.Release|Any CPU.ActiveCfg = Release|Any CPU
		{72090341-B204-4E76-7B16-9ABBC7947762}.Release|Any CPU.Build.0 = Release|Any CPU
		{DF7361B7-90C1-85C1-BAC9-633BCEE22087}.Debug|Any CPU.ActiveCfg = Debug|Any CPU
		{DF7361B7-90C1-85C1-BAC9-633BCEE22087}.Debug|Any CPU.Build.0 = Debug|Any CPU
		{DF7361B7-90C1-85C1-BAC9-633BCEE22087}.Release|Any CPU.ActiveCfg = Release|Any CPU
		{DF7361B7-90C1-85C1-BAC9-633BCEE22087}.Release|Any CPU.Build.0 = Release|Any CPU
	EndGlobalSection
	GlobalSection(SolutionProperties) = preSolution
		HideSolutionNode = FALSE
	EndGlobalSection
	GlobalSection(MonoDevelopProperties) = preSolution
		StartupItem = Assembly-CSharp.csproj
	EndGlobalSection
EndGlobal
