
Microsoft Visual Studio Solution File, Format Version 11.00
# Visual Studio 2010
Project("{FAE04EC0-301F-11D3-BF4B-00C04F79EFBC}") = "ISUv3", "Assembly-CSharp-firstpass.csproj", "{3291562B-224F-0E37-7A1C-EE2DE15DD56E}"
EndProject
Project("{FAE04EC0-301F-11D3-BF4B-00C04F79EFBC}") = "ISUv3", "Assembly-CSharp.csproj", "{568D5A26-AB52-413F-9D9D-1525618ACD2F}"
EndProject
Project("{FAE04EC0-301F-11D3-BF4B-00C04F79EFBC}") = "ISUv3", "Assembly-CSharp-Editor-firstpass.csproj", "{7F5C260C-2281-9656-334A-E3493035A0C5}"
EndProject
Project("{FAE04EC0-301F-11D3-BF4B-00C04F79EFBC}") = "ISUv3", "Assembly-CSharp-Editor.csproj", "{BC95A3FE-F5FD-8368-D3CB-AD8265D0FA43}"
EndProject
Global
	GlobalSection(SolutionConfigurationPlatforms) = preSolution
		Debug|Any CPU = Debug|Any CPU
		Release|Any CPU = Release|Any CPU
	EndGlobalSection
	GlobalSection(ProjectConfigurationPlatforms) = postSolution
		{3291562B-224F-0E37-7A1C-EE2DE15DD56E}.Debug|Any CPU.ActiveCfg = Debug|Any CPU
		{3291562B-224F-0E37-7A1C-EE2DE15DD56E}.Debug|Any CPU.Build.0 = Debug|Any CPU
		{3291562B-224F-0E37-7A1C-EE2DE15DD56E}.Release|Any CPU.ActiveCfg = Release|Any CPU
		{3291562B-224F-0E37-7A1C-EE2DE15DD56E}.Release|Any CPU.Build.0 = Release|Any CPU
		{568D5A26-AB52-413F-9D9D-1525618ACD2F}.Debug|Any CPU.ActiveCfg = Debug|Any CPU
		{568D5A26-AB52-413F-9D9D-1525618ACD2F}.Debug|Any CPU.Build.0 = Debug|Any CPU
		{568D5A26-AB52-413F-9D9D-1525618ACD2F}.Release|Any CPU.ActiveCfg = Release|Any CPU
		{568D5A26-AB52-413F-9D9D-1525618ACD2F}.Release|Any CPU.Build.0 = Release|Any CPU
		{7F5C260C-2281-9656-334A-E3493035A0C5}.Debug|Any CPU.ActiveCfg = Debug|Any CPU
		{7F5C260C-2281-9656-334A-E3493035A0C5}.Debug|Any CPU.Build.0 = Debug|Any CPU
		{7F5C260C-2281-9656-334A-E3493035A0C5}.Release|Any CPU.ActiveCfg = Release|Any CPU
		{7F5C260C-2281-9656-334A-E3493035A0C5}.Release|Any CPU.Build.0 = Release|Any CPU
		{BC95A3FE-F5FD-8368-D3CB-AD8265D0FA43}.Debug|Any CPU.ActiveCfg = Debug|Any CPU
		{BC95A3FE-F5FD-8368-D3CB-AD8265D0FA43}.Debug|Any CPU.Build.0 = Debug|Any CPU
		{BC95A3FE-F5FD-8368-D3CB-AD8265D0FA43}.Release|Any CPU.ActiveCfg = Release|Any CPU
		{BC95A3FE-F5FD-8368-D3CB-AD8265D0FA43}.Release|Any CPU.Build.0 = Release|Any CPU
	EndGlobalSection
	GlobalSection(SolutionProperties) = preSolution
		HideSolutionNode = FALSE
	EndGlobalSection
	GlobalSection(MonoDevelopProperties) = preSolution
		StartupItem = Assembly-CSharp.csproj
	EndGlobalSection
EndGlobal
